// !$*UTF8*$!
{
	archiveVersion = 1;
	classes = {
	};
	objectVersion = 56;
	objects = {

/* Begin PBXBuildFile section */
		0F027DA72C94FAC800A71ED6 /* ChonchonApp.swift in Sources */ = {isa = PBXBuildFile; fileRef = 0F027DA62C94FAC800A71ED6 /* ChonchonApp.swift */; };
		0F027DA92C94FAC800A71ED6 /* ContentView.swift in Sources */ = {isa = PBXBuildFile; fileRef = 0F027DA82C94FAC800A71ED6 /* ContentView.swift */; };
		0F027DAB2C94FACA00A71ED6 /* Assets.xcassets in Resources */ = {isa = PBXBuildFile; fileRef = 0F027DAA2C94FACA00A71ED6 /* Assets.xcassets */; };
		0F027DAE2C94FACA00A71ED6 /* Preview Assets.xcassets in Resources */ = {isa = PBXBuildFile; fileRef = 0F027DAD2C94FACA00A71ED6 /* Preview Assets.xcassets */; };
		0F027DB92C94FACA00A71ED6 /* ChonchonTests.swift in Sources */ = {isa = PBXBuildFile; fileRef = 0F027DB82C94FACA00A71ED6 /* ChonchonTests.swift */; };
		0F027DC32C94FACA00A71ED6 /* ChonchonUITests.swift in Sources */ = {isa = PBXBuildFile; fileRef = 0F027DC22C94FACA00A71ED6 /* ChonchonUITests.swift */; };
		0F027DC52C94FACA00A71ED6 /* ChonchonUITestsLaunchTests.swift in Sources */ = {isa = PBXBuildFile; fileRef = 0F027DC42C94FACA00A71ED6 /* ChonchonUITestsLaunchTests.swift */; };
		0F027DD82C950C3300A71ED6 /* VideoReceiver.swift in Sources */ = {isa = PBXBuildFile; fileRef = 0F027DD72C950C3300A71ED6 /* VideoReceiver.swift */; };
		0F027DDA2C950C5400A71ED6 /* VideoDecoder.swift in Sources */ = {isa = PBXBuildFile; fileRef = 0F027DD92C950C5400A71ED6 /* VideoDecoder.swift */; };
		0F027DDC2C950CE000A71ED6 /* ClientView.swift in Sources */ = {isa = PBXBuildFile; fileRef = 0F027DDB2C950CE000A71ED6 /* ClientView.swift */; };
		0FA2102E2C96227C002861AB /* ClientViewModel.swift in Sources */ = {isa = PBXBuildFile; fileRef = 0FA2102D2C96227C002861AB /* ClientViewModel.swift */; };
		0FA210302C969C70002861AB /* ImageWithCursorTracking.swift in Sources */ = {isa = PBXBuildFile; fileRef = 0FA2102F2C969C70002861AB /* ImageWithCursorTracking.swift */; };
		0FA210342C96A5F1002861AB /* EventSender.swift in Sources */ = {isa = PBXBuildFile; fileRef = 0FA210332C96A5F1002861AB /* EventSender.swift */; };
/* End PBXBuildFile section */

/* Begin PBXContainerItemProxy section */
		0F027DB52C94FACA00A71ED6 /* PBXContainerItemProxy */ = {
			isa = PBXContainerItemProxy;
			containerPortal = 0F027D9B2C94FAC800A71ED6 /* Project object */;
			proxyType = 1;
			remoteGlobalIDString = 0F027DA22C94FAC800A71ED6;
			remoteInfo = Chonchon;
		};
		0F027DBF2C94FACA00A71ED6 /* PBXContainerItemProxy */ = {
			isa = PBXContainerItemProxy;
			containerPortal = 0F027D9B2C94FAC800A71ED6 /* Project object */;
			proxyType = 1;
			remoteGlobalIDString = 0F027DA22C94FAC800A71ED6;
			remoteInfo = Chonchon;
		};
/* End PBXContainerItemProxy section */

/* Begin PBXFileReference section */
		0F027DA32C94FAC800A71ED6 /* Chonchon.app */ = {isa = PBXFileReference; explicitFileType = wrapper.application; includeInIndex = 0; path = Chonchon.app; sourceTree = BUILT_PRODUCTS_DIR; };
		0F027DA62C94FAC800A71ED6 /* ChonchonApp.swift */ = {isa = PBXFileReference; lastKnownFileType = sourcecode.swift; path = ChonchonApp.swift; sourceTree = "<group>"; };
		0F027DA82C94FAC800A71ED6 /* ContentView.swift */ = {isa = PBXFileReference; lastKnownFileType = sourcecode.swift; path = ContentView.swift; sourceTree = "<group>"; };
		0F027DAA2C94FACA00A71ED6 /* Assets.xcassets */ = {isa = PBXFileReference; lastKnownFileType = folder.assetcatalog; path = Assets.xcassets; sourceTree = "<group>"; };
		0F027DAD2C94FACA00A71ED6 /* Preview Assets.xcassets */ = {isa = PBXFileReference; lastKnownFileType = folder.assetcatalog; path = "Preview Assets.xcassets"; sourceTree = "<group>"; };
		0F027DAF2C94FACA00A71ED6 /* Chonchon.entitlements */ = {isa = PBXFileReference; lastKnownFileType = text.plist.entitlements; path = Chonchon.entitlements; sourceTree = "<group>"; };
		0F027DB42C94FACA00A71ED6 /* ChonchonTests.xctest */ = {isa = PBXFileReference; explicitFileType = wrapper.cfbundle; includeInIndex = 0; path = ChonchonTests.xctest; sourceTree = BUILT_PRODUCTS_DIR; };
		0F027DB82C94FACA00A71ED6 /* ChonchonTests.swift */ = {isa = PBXFileReference; lastKnownFileType = sourcecode.swift; path = ChonchonTests.swift; sourceTree = "<group>"; };
		0F027DBE2C94FACA00A71ED6 /* ChonchonUITests.xctest */ = {isa = PBXFileReference; explicitFileType = wrapper.cfbundle; includeInIndex = 0; path = ChonchonUITests.xctest; sourceTree = BUILT_PRODUCTS_DIR; };
		0F027DC22C94FACA00A71ED6 /* ChonchonUITests.swift */ = {isa = PBXFileReference; lastKnownFileType = sourcecode.swift; path = ChonchonUITests.swift; sourceTree = "<group>"; };
		0F027DC42C94FACA00A71ED6 /* ChonchonUITestsLaunchTests.swift */ = {isa = PBXFileReference; lastKnownFileType = sourcecode.swift; path = ChonchonUITestsLaunchTests.swift; sourceTree = "<group>"; };
		0F027DD72C950C3300A71ED6 /* VideoReceiver.swift */ = {isa = PBXFileReference; lastKnownFileType = sourcecode.swift; path = VideoReceiver.swift; sourceTree = "<group>"; };
		0F027DD92C950C5400A71ED6 /* VideoDecoder.swift */ = {isa = PBXFileReference; lastKnownFileType = sourcecode.swift; path = VideoDecoder.swift; sourceTree = "<group>"; };
		0F027DDB2C950CE000A71ED6 /* ClientView.swift */ = {isa = PBXFileReference; lastKnownFileType = sourcecode.swift; path = ClientView.swift; sourceTree = "<group>"; };
		0FA2102D2C96227C002861AB /* ClientViewModel.swift */ = {isa = PBXFileReference; lastKnownFileType = sourcecode.swift; path = ClientViewModel.swift; sourceTree = "<group>"; };
		0FA2102F2C969C70002861AB /* ImageWithCursorTracking.swift */ = {isa = PBXFileReference; lastKnownFileType = sourcecode.swift; path = ImageWithCursorTracking.swift; sourceTree = "<group>"; };
		0FA210332C96A5F1002861AB /* EventSender.swift */ = {isa = PBXFileReference; lastKnownFileType = sourcecode.swift; path = EventSender.swift; sourceTree = "<group>"; };
/* End PBXFileReference section */

/* Begin PBXFrameworksBuildPhase section */
		0F027DA02C94FAC800A71ED6 /* Frameworks */ = {
			isa = PBXFrameworksBuildPhase;
			buildActionMask = 2147483647;
			files = (
			);
			runOnlyForDeploymentPostprocessing = 0;
		};
		0F027DB12C94FACA00A71ED6 /* Frameworks */ = {
			isa = PBXFrameworksBuildPhase;
			buildActionMask = 2147483647;
			files = (
			);
			runOnlyForDeploymentPostprocessing = 0;
		};
		0F027DBB2C94FACA00A71ED6 /* Frameworks */ = {
			isa = PBXFrameworksBuildPhase;
			buildActionMask = 2147483647;
			files = (
			);
			runOnlyForDeploymentPostprocessing = 0;
		};
/* End PBXFrameworksBuildPhase section */

/* Begin PBXGroup section */
		0F027D9A2C94FAC800A71ED6 = {
			isa = PBXGroup;
			children = (
				0F027DA52C94FAC800A71ED6 /* Chonchon */,
				0F027DB72C94FACA00A71ED6 /* ChonchonTests */,
				0F027DC12C94FACA00A71ED6 /* ChonchonUITests */,
				0F027DA42C94FAC800A71ED6 /* Products */,
			);
			sourceTree = "<group>";
		};
		0F027DA42C94FAC800A71ED6 /* Products */ = {
			isa = PBXGroup;
			children = (
				0F027DA32C94FAC800A71ED6 /* Chonchon.app */,
				0F027DB42C94FACA00A71ED6 /* ChonchonTests.xctest */,
				0F027DBE2C94FACA00A71ED6 /* ChonchonUITests.xctest */,
			);
			name = Products;
			sourceTree = "<group>";
		};
		0F027DA52C94FAC800A71ED6 /* Chonchon */ = {
			isa = PBXGroup;
			children = (
				0FA2102C2C962246002861AB /* Views */,
				0F027DA62C94FAC800A71ED6 /* ChonchonApp.swift */,
				0F027DD72C950C3300A71ED6 /* VideoReceiver.swift */,
				0F027DD92C950C5400A71ED6 /* VideoDecoder.swift */,
				0FA210332C96A5F1002861AB /* EventSender.swift */,
				0F027DAA2C94FACA00A71ED6 /* Assets.xcassets */,
				0F027DAF2C94FACA00A71ED6 /* Chonchon.entitlements */,
				0F027DAC2C94FACA00A71ED6 /* Preview Content */,
			);
			path = Chonchon;
			sourceTree = "<group>";
		};
		0F027DAC2C94FACA00A71ED6 /* Preview Content */ = {
			isa = PBXGroup;
			children = (
				0F027DAD2C94FACA00A71ED6 /* Preview Assets.xcassets */,
			);
			path = "Preview Content";
			sourceTree = "<group>";
		};
		0F027DB72C94FACA00A71ED6 /* ChonchonTests */ = {
			isa = PBXGroup;
			children = (
				0F027DB82C94FACA00A71ED6 /* ChonchonTests.swift */,
			);
			path = ChonchonTests;
			sourceTree = "<group>";
		};
		0F027DC12C94FACA00A71ED6 /* ChonchonUITests */ = {
			isa = PBXGroup;
			children = (
				0F027DC22C94FACA00A71ED6 /* ChonchonUITests.swift */,
				0F027DC42C94FACA00A71ED6 /* ChonchonUITestsLaunchTests.swift */,
			);
			path = ChonchonUITests;
			sourceTree = "<group>";
		};
		0FA2102C2C962246002861AB /* Views */ = {
			isa = PBXGroup;
			children = (
				0F027DA82C94FAC800A71ED6 /* ContentView.swift */,
				0F027DDB2C950CE000A71ED6 /* ClientView.swift */,
				0FA2102D2C96227C002861AB /* ClientViewModel.swift */,
				0FA2102F2C969C70002861AB /* ImageWithCursorTracking.swift */,
			);
			path = Views;
			sourceTree = "<group>";
		};
/* End PBXGroup section */

/* Begin PBXNativeTarget section */
		0F027DA22C94FAC800A71ED6 /* Chonchon */ = {
			isa = PBXNativeTarget;
			buildConfigurationList = 0F027DC82C94FACA00A71ED6 /* Build configuration list for PBXNativeTarget "Chonchon" */;
			buildPhases = (
				0F027D9F2C94FAC800A71ED6 /* Sources */,
				0F027DA02C94FAC800A71ED6 /* Frameworks */,
				0F027DA12C94FAC800A71ED6 /* Resources */,
			);
			buildRules = (
			);
			dependencies = (
			);
			name = Chonchon;
			productName = Chonchon;
			productReference = 0F027DA32C94FAC800A71ED6 /* Chonchon.app */;
			productType = "com.apple.product-type.application";
		};
		0F027DB32C94FACA00A71ED6 /* ChonchonTests */ = {
			isa = PBXNativeTarget;
			buildConfigurationList = 0F027DCB2C94FACA00A71ED6 /* Build configuration list for PBXNativeTarget "ChonchonTests" */;
			buildPhases = (
				0F027DB02C94FACA00A71ED6 /* Sources */,
				0F027DB12C94FACA00A71ED6 /* Frameworks */,
				0F027DB22C94FACA00A71ED6 /* Resources */,
			);
			buildRules = (
			);
			dependencies = (
				0F027DB62C94FACA00A71ED6 /* PBXTargetDependency */,
			);
			name = ChonchonTests;
			productName = ChonchonTests;
			productReference = 0F027DB42C94FACA00A71ED6 /* ChonchonTests.xctest */;
			productType = "com.apple.product-type.bundle.unit-test";
		};
		0F027DBD2C94FACA00A71ED6 /* ChonchonUITests */ = {
			isa = PBXNativeTarget;
			buildConfigurationList = 0F027DCE2C94FACA00A71ED6 /* Build configuration list for PBXNativeTarget "ChonchonUITests" */;
			buildPhases = (
				0F027DBA2C94FACA00A71ED6 /* Sources */,
				0F027DBB2C94FACA00A71ED6 /* Frameworks */,
				0F027DBC2C94FACA00A71ED6 /* Resources */,
			);
			buildRules = (
			);
			dependencies = (
				0F027DC02C94FACA00A71ED6 /* PBXTargetDependency */,
			);
			name = ChonchonUITests;
			productName = ChonchonUITests;
			productReference = 0F027DBE2C94FACA00A71ED6 /* ChonchonUITests.xctest */;
			productType = "com.apple.product-type.bundle.ui-testing";
		};
/* End PBXNativeTarget section */

/* Begin PBXProject section */
		0F027D9B2C94FAC800A71ED6 /* Project object */ = {
			isa = PBXProject;
			attributes = {
				BuildIndependentTargetsInParallel = 1;
				LastSwiftUpdateCheck = 1530;
				LastUpgradeCheck = 1530;
				TargetAttributes = {
					0F027DA22C94FAC800A71ED6 = {
						CreatedOnToolsVersion = 15.3;
					};
					0F027DB32C94FACA00A71ED6 = {
						CreatedOnToolsVersion = 15.3;
						TestTargetID = 0F027DA22C94FAC800A71ED6;
					};
					0F027DBD2C94FACA00A71ED6 = {
						CreatedOnToolsVersion = 15.3;
						TestTargetID = 0F027DA22C94FAC800A71ED6;
					};
				};
			};
			buildConfigurationList = 0F027D9E2C94FAC800A71ED6 /* Build configuration list for PBXProject "Chonchon" */;
			compatibilityVersion = "Xcode 14.0";
			developmentRegion = en;
			hasScannedForEncodings = 0;
			knownRegions = (
				en,
				Base,
			);
			mainGroup = 0F027D9A2C94FAC800A71ED6;
			productRefGroup = 0F027DA42C94FAC800A71ED6 /* Products */;
			projectDirPath = "";
			projectRoot = "";
			targets = (
				0F027DA22C94FAC800A71ED6 /* Chonchon */,
				0F027DB32C94FACA00A71ED6 /* ChonchonTests */,
				0F027DBD2C94FACA00A71ED6 /* ChonchonUITests */,
			);
		};
/* End PBXProject section */

/* Begin PBXResourcesBuildPhase section */
		0F027DA12C94FAC800A71ED6 /* Resources */ = {
			isa = PBXResourcesBuildPhase;
			buildActionMask = 2147483647;
			files = (
				0F027DAE2C94FACA00A71ED6 /* Preview Assets.xcassets in Resources */,
				0F027DAB2C94FACA00A71ED6 /* Assets.xcassets in Resources */,
			);
			runOnlyForDeploymentPostprocessing = 0;
		};
		0F027DB22C94FACA00A71ED6 /* Resources */ = {
			isa = PBXResourcesBuildPhase;
			buildActionMask = 2147483647;
			files = (
			);
			runOnlyForDeploymentPostprocessing = 0;
		};
		0F027DBC2C94FACA00A71ED6 /* Resources */ = {
			isa = PBXResourcesBuildPhase;
			buildActionMask = 2147483647;
			files = (
			);
			runOnlyForDeploymentPostprocessing = 0;
		};
/* End PBXResourcesBuildPhase section */

/* Begin PBXSourcesBuildPhase section */
		0F027D9F2C94FAC800A71ED6 /* Sources */ = {
			isa = PBXSourcesBuildPhase;
			buildActionMask = 2147483647;
			files = (
				0FA210302C969C70002861AB /* ImageWithCursorTracking.swift in Sources */,
				0F027DDA2C950C5400A71ED6 /* VideoDecoder.swift in Sources */,
				0FA2102E2C96227C002861AB /* ClientViewModel.swift in Sources */,
				0F027DD82C950C3300A71ED6 /* VideoReceiver.swift in Sources */,
				0F027DDC2C950CE000A71ED6 /* ClientView.swift in Sources */,
				0F027DA92C94FAC800A71ED6 /* ContentView.swift in Sources */,
				0F027DA72C94FAC800A71ED6 /* ChonchonApp.swift in Sources */,
				0FA210342C96A5F1002861AB /* EventSender.swift in Sources */,
			);
			runOnlyForDeploymentPostprocessing = 0;
		};
		0F027DB02C94FACA00A71ED6 /* Sources */ = {
			isa = PBXSourcesBuildPhase;
			buildActionMask = 2147483647;
			files = (
				0F027DB92C94FACA00A71ED6 /* ChonchonTests.swift in Sources */,
			);
			runOnlyForDeploymentPostprocessing = 0;
		};
		0F027DBA2C94FACA00A71ED6 /* Sources */ = {
			isa = PBXSourcesBuildPhase;
			buildActionMask = 2147483647;
			files = (
				0F027DC52C94FACA00A71ED6 /* ChonchonUITestsLaunchTests.swift in Sources */,
				0F027DC32C94FACA00A71ED6 /* ChonchonUITests.swift in Sources */,
			);
			runOnlyForDeploymentPostprocessing = 0;
		};
/* End PBXSourcesBuildPhase section */

/* Begin PBXTargetDependency section */
		0F027DB62C94FACA00A71ED6 /* PBXTargetDependency */ = {
			isa = PBXTargetDependency;
			target = 0F027DA22C94FAC800A71ED6 /* Chonchon */;
			targetProxy = 0F027DB52C94FACA00A71ED6 /* PBXContainerItemProxy */;
		};
		0F027DC02C94FACA00A71ED6 /* PBXTargetDependency */ = {
			isa = PBXTargetDependency;
			target = 0F027DA22C94FAC800A71ED6 /* Chonchon */;
			targetProxy = 0F027DBF2C94FACA00A71ED6 /* PBXContainerItemProxy */;
		};
/* End PBXTargetDependency section */

/* Begin XCBuildConfiguration section */
		0F027DC62C94FACA00A71ED6 /* Debug */ = {
			isa = XCBuildConfiguration;
			buildSettings = {
				ALWAYS_SEARCH_USER_PATHS = NO;
				ASSETCATALOG_COMPILER_GENERATE_SWIFT_ASSET_SYMBOL_EXTENSIONS = YES;
				CLANG_ANALYZER_NONNULL = YES;
				CLANG_ANALYZER_NUMBER_OBJECT_CONVERSION = YES_AGGRESSIVE;
				CLANG_CXX_LANGUAGE_STANDARD = "gnu++20";
				CLANG_ENABLE_MODULES = YES;
				CLANG_ENABLE_OBJC_ARC = YES;
				CLANG_ENABLE_OBJC_WEAK = YES;
				CLANG_WARN_BLOCK_CAPTURE_AUTORELEASING = YES;
				CLANG_WARN_BOOL_CONVERSION = YES;
				CLANG_WARN_COMMA = YES;
				CLANG_WARN_CONSTANT_CONVERSION = YES;
				CLANG_WARN_DEPRECATED_OBJC_IMPLEMENTATIONS = YES;
				CLANG_WARN_DIRECT_OBJC_ISA_USAGE = YES_ERROR;
				CLANG_WARN_DOCUMENTATION_COMMENTS = YES;
				CLANG_WARN_EMPTY_BODY = YES;
				CLANG_WARN_ENUM_CONVERSION = YES;
				CLANG_WARN_INFINITE_RECURSION = YES;
				CLANG_WARN_INT_CONVERSION = YES;
				CLANG_WARN_NON_LITERAL_NULL_CONVERSION = YES;
				CLANG_WARN_OBJC_IMPLICIT_RETAIN_SELF = YES;
				CLANG_WARN_OBJC_LITERAL_CONVERSION = YES;
				CLANG_WARN_OBJC_ROOT_CLASS = YES_ERROR;
				CLANG_WARN_QUOTED_INCLUDE_IN_FRAMEWORK_HEADER = YES;
				CLANG_WARN_RANGE_LOOP_ANALYSIS = YES;
				CLANG_WARN_STRICT_PROTOTYPES = YES;
				CLANG_WARN_SUSPICIOUS_MOVE = YES;
				CLANG_WARN_UNGUARDED_AVAILABILITY = YES_AGGRESSIVE;
				CLANG_WARN_UNREACHABLE_CODE = YES;
				CLANG_WARN__DUPLICATE_METHOD_MATCH = YES;
				COPY_PHASE_STRIP = NO;
				DEBUG_INFORMATION_FORMAT = dwarf;
				ENABLE_STRICT_OBJC_MSGSEND = YES;
				ENABLE_TESTABILITY = YES;
				ENABLE_USER_SCRIPT_SANDBOXING = YES;
				GCC_C_LANGUAGE_STANDARD = gnu17;
				GCC_DYNAMIC_NO_PIC = NO;
				GCC_NO_COMMON_BLOCKS = YES;
				GCC_OPTIMIZATION_LEVEL = 0;
				GCC_PREPROCESSOR_DEFINITIONS = (
					"DEBUG=1",
					"$(inherited)",
				);
				GCC_WARN_64_TO_32_BIT_CONVERSION = YES;
				GCC_WARN_ABOUT_RETURN_TYPE = YES_ERROR;
				GCC_WARN_UNDECLARED_SELECTOR = YES;
				GCC_WARN_UNINITIALIZED_AUTOS = YES_AGGRESSIVE;
				GCC_WARN_UNUSED_FUNCTION = YES;
				GCC_WARN_UNUSED_VARIABLE = YES;
				LOCALIZATION_PREFERS_STRING_CATALOGS = YES;
				MACOSX_DEPLOYMENT_TARGET = 14.4;
				MTL_ENABLE_DEBUG_INFO = INCLUDE_SOURCE;
				MTL_FAST_MATH = YES;
				ONLY_ACTIVE_ARCH = YES;
				SDKROOT = macosx;
				SWIFT_ACTIVE_COMPILATION_CONDITIONS = "DEBUG $(inherited)";
				SWIFT_OPTIMIZATION_LEVEL = "-Onone";
			};
			name = Debug;
		};
		0F027DC72C94FACA00A71ED6 /* Release */ = {
			isa = XCBuildConfiguration;
			buildSettings = {
				ALWAYS_SEARCH_USER_PATHS = NO;
				ASSETCATALOG_COMPILER_GENERATE_SWIFT_ASSET_SYMBOL_EXTENSIONS = YES;
				CLANG_ANALYZER_NONNULL = YES;
				CLANG_ANALYZER_NUMBER_OBJECT_CONVERSION = YES_AGGRESSIVE;
				CLANG_CXX_LANGUAGE_STANDARD = "gnu++20";
				CLANG_ENABLE_MODULES = YES;
				CLANG_ENABLE_OBJC_ARC = YES;
				CLANG_ENABLE_OBJC_WEAK = YES;
				CLANG_WARN_BLOCK_CAPTURE_AUTORELEASING = YES;
				CLANG_WARN_BOOL_CONVERSION = YES;
				CLANG_WARN_COMMA = YES;
				CLANG_WARN_CONSTANT_CONVERSION = YES;
				CLANG_WARN_DEPRECATED_OBJC_IMPLEMENTATIONS = YES;
				CLANG_WARN_DIRECT_OBJC_ISA_USAGE = YES_ERROR;
				CLANG_WARN_DOCUMENTATION_COMMENTS = YES;
				CLANG_WARN_EMPTY_BODY = YES;
				CLANG_WARN_ENUM_CONVERSION = YES;
				CLANG_WARN_INFINITE_RECURSION = YES;
				CLANG_WARN_INT_CONVERSION = YES;
				CLANG_WARN_NON_LITERAL_NULL_CONVERSION = YES;
				CLANG_WARN_OBJC_IMPLICIT_RETAIN_SELF = YES;
				CLANG_WARN_OBJC_LITERAL_CONVERSION = YES;
				CLANG_WARN_OBJC_ROOT_CLASS = YES_ERROR;
				CLANG_WARN_QUOTED_INCLUDE_IN_FRAMEWORK_HEADER = YES;
				CLANG_WARN_RANGE_LOOP_ANALYSIS = YES;
				CLANG_WARN_STRICT_PROTOTYPES = YES;
				CLANG_WARN_SUSPICIOUS_MOVE = YES;
				CLANG_WARN_UNGUARDED_AVAILABILITY = YES_AGGRESSIVE;
				CLANG_WARN_UNREACHABLE_CODE = YES;
				CLANG_WARN__DUPLICATE_METHOD_MATCH = YES;
				COPY_PHASE_STRIP = NO;
				DEBUG_INFORMATION_FORMAT = "dwarf-with-dsym";
				ENABLE_NS_ASSERTIONS = NO;
				ENABLE_STRICT_OBJC_MSGSEND = YES;
				ENABLE_USER_SCRIPT_SANDBOXING = YES;
				GCC_C_LANGUAGE_STANDARD = gnu17;
				GCC_NO_COMMON_BLOCKS = YES;
				GCC_WARN_64_TO_32_BIT_CONVERSION = YES;
				GCC_WARN_ABOUT_RETURN_TYPE = YES_ERROR;
				GCC_WARN_UNDECLARED_SELECTOR = YES;
				GCC_WARN_UNINITIALIZED_AUTOS = YES_AGGRESSIVE;
				GCC_WARN_UNUSED_FUNCTION = YES;
				GCC_WARN_UNUSED_VARIABLE = YES;
				LOCALIZATION_PREFERS_STRING_CATALOGS = YES;
				MACOSX_DEPLOYMENT_TARGET = 14.4;
				MTL_ENABLE_DEBUG_INFO = NO;
				MTL_FAST_MATH = YES;
				SDKROOT = macosx;
				SWIFT_COMPILATION_MODE = wholemodule;
			};
			name = Release;
		};
		0F027DC92C94FACA00A71ED6 /* Debug */ = {
			isa = XCBuildConfiguration;
			buildSettings = {
				ASSETCATALOG_COMPILER_APPICON_NAME = AppIcon;
				ASSETCATALOG_COMPILER_GLOBAL_ACCENT_COLOR_NAME = AccentColor;
				CODE_SIGN_ENTITLEMENTS = Chonchon/Chonchon.entitlements;
				CODE_SIGN_STYLE = Automatic;
				COMBINE_HIDPI_IMAGES = YES;
				CURRENT_PROJECT_VERSION = 1;
				DEVELOPMENT_ASSET_PATHS = "\"Chonchon/Preview Content\"";
				DEVELOPMENT_TEAM = NC83RKPRFC;
				ENABLE_HARDENED_RUNTIME = YES;
				ENABLE_PREVIEWS = YES;
				GENERATE_INFOPLIST_FILE = YES;
				INFOPLIST_KEY_NSHumanReadableCopyright = "";
				LD_RUNPATH_SEARCH_PATHS = (
					"$(inherited)",
					"@executable_path/../Frameworks",
				);
				MARKETING_VERSION = 1.0;
				PRODUCT_BUNDLE_IDENTIFIER = com.vogoid.Chonchon;
				PRODUCT_NAME = "$(TARGET_NAME)";
				SWIFT_EMIT_LOC_STRINGS = YES;
				SWIFT_VERSION = 5.0;
			};
			name = Debug;
		};
		0F027DCA2C94FACA00A71ED6 /* Release */ = {
			isa = XCBuildConfiguration;
			buildSettings = {
				ASSETCATALOG_COMPILER_APPICON_NAME = AppIcon;
				ASSETCATALOG_COMPILER_GLOBAL_ACCENT_COLOR_NAME = AccentColor;
				CODE_SIGN_ENTITLEMENTS = Chonchon/Chonchon.entitlements;
				CODE_SIGN_STYLE = Automatic;
				COMBINE_HIDPI_IMAGES = YES;
				CURRENT_PROJECT_VERSION = 1;
				DEVELOPMENT_ASSET_PATHS = "\"Chonchon/Preview Content\"";
				DEVELOPMENT_TEAM = NC83RKPRFC;
				ENABLE_HARDENED_RUNTIME = YES;
				ENABLE_PREVIEWS = YES;
				GENERATE_INFOPLIST_FILE = YES;
				INFOPLIST_KEY_NSHumanReadableCopyright = "";
				LD_RUNPATH_SEARCH_PATHS = (
					"$(inherited)",
					"@executable_path/../Frameworks",
				);
				MARKETING_VERSION = 1.0;
				PRODUCT_BUNDLE_IDENTIFIER = com.vogoid.Chonchon;
				PRODUCT_NAME = "$(TARGET_NAME)";
				SWIFT_EMIT_LOC_STRINGS = YES;
				SWIFT_VERSION = 5.0;
			};
			name = Release;
		};
		0F027DCC2C94FACA00A71ED6 /* Debug */ = {
			isa = XCBuildConfiguration;
			buildSettings = {
				ALWAYS_EMBED_SWIFT_STANDARD_LIBRARIES = YES;
				BUNDLE_LOADER = "$(TEST_HOST)";
				CODE_SIGN_STYLE = Automatic;
				CURRENT_PROJECT_VERSION = 1;
				DEVELOPMENT_TEAM = NC83RKPRFC;
				GENERATE_INFOPLIST_FILE = YES;
				MACOSX_DEPLOYMENT_TARGET = 14.4;
				MARKETING_VERSION = 1.0;
				PRODUCT_BUNDLE_IDENTIFIER = com.vogoid.ChonchonTests;
				PRODUCT_NAME = "$(TARGET_NAME)";
				SWIFT_EMIT_LOC_STRINGS = NO;
				SWIFT_VERSION = 5.0;
				TEST_HOST = "$(BUILT_PRODUCTS_DIR)/Chonchon.app/$(BUNDLE_EXECUTABLE_FOLDER_PATH)/Chonchon";
			};
			name = Debug;
		};
		0F027DCD2C94FACA00A71ED6 /* Release */ = {
			isa = XCBuildConfiguration;
			buildSettings = {
				ALWAYS_EMBED_SWIFT_STANDARD_LIBRARIES = YES;
				BUNDLE_LOADER = "$(TEST_HOST)";
				CODE_SIGN_STYLE = Automatic;
				CURRENT_PROJECT_VERSION = 1;
				DEVELOPMENT_TEAM = NC83RKPRFC;
				GENERATE_INFOPLIST_FILE = YES;
				MACOSX_DEPLOYMENT_TARGET = 14.4;
				MARKETING_VERSION = 1.0;
				PRODUCT_BUNDLE_IDENTIFIER = com.vogoid.ChonchonTests;
				PRODUCT_NAME = "$(TARGET_NAME)";
				SWIFT_EMIT_LOC_STRINGS = NO;
				SWIFT_VERSION = 5.0;
				TEST_HOST = "$(BUILT_PRODUCTS_DIR)/Chonchon.app/$(BUNDLE_EXECUTABLE_FOLDER_PATH)/Chonchon";
			};
			name = Release;
		};
		0F027DCF2C94FACA00A71ED6 /* Debug */ = {
			isa = XCBuildConfiguration;
			buildSettings = {
				ALWAYS_EMBED_SWIFT_STANDARD_LIBRARIES = YES;
				CODE_SIGN_STYLE = Automatic;
				CURRENT_PROJECT_VERSION = 1;
				DEVELOPMENT_TEAM = NC83RKPRFC;
				GENERATE_INFOPLIST_FILE = YES;
				MARKETING_VERSION = 1.0;
				PRODUCT_BUNDLE_IDENTIFIER = com.vogoid.ChonchonUITests;
				PRODUCT_NAME = "$(TARGET_NAME)";
				SWIFT_EMIT_LOC_STRINGS = NO;
				SWIFT_VERSION = 5.0;
				TEST_TARGET_NAME = Chonchon;
			};
			name = Debug;
		};
		0F027DD02C94FACA00A71ED6 /* Release */ = {
			isa = XCBuildConfiguration;
			buildSettings = {
				ALWAYS_EMBED_SWIFT_STANDARD_LIBRARIES = YES;
				CODE_SIGN_STYLE = Automatic;
				CURRENT_PROJECT_VERSION = 1;
				DEVELOPMENT_TEAM = NC83RKPRFC;
				GENERATE_INFOPLIST_FILE = YES;
				MARKETING_VERSION = 1.0;
				PRODUCT_BUNDLE_IDENTIFIER = com.vogoid.ChonchonUITests;
				PRODUCT_NAME = "$(TARGET_NAME)";
				SWIFT_EMIT_LOC_STRINGS = NO;
				SWIFT_VERSION = 5.0;
				TEST_TARGET_NAME = Chonchon;
			};
			name = Release;
		};
/* End XCBuildConfiguration section */

/* Begin XCConfigurationList section */
		0F027D9E2C94FAC800A71ED6 /* Build configuration list for PBXProject "Chonchon" */ = {
			isa = XCConfigurationList;
			buildConfigurations = (
				0F027DC62C94FACA00A71ED6 /* Debug */,
				0F027DC72C94FACA00A71ED6 /* Release */,
			);
			defaultConfigurationIsVisible = 0;
			defaultConfigurationName = Release;
		};
		0F027DC82C94FACA00A71ED6 /* Build configuration list for PBXNativeTarget "Chonchon" */ = {
			isa = XCConfigurationList;
			buildConfigurations = (
				0F027DC92C94FACA00A71ED6 /* Debug */,
				0F027DCA2C94FACA00A71ED6 /* Release */,
			);
			defaultConfigurationIsVisible = 0;
			defaultConfigurationName = Release;
		};
		0F027DCB2C94FACA00A71ED6 /* Build configuration list for PBXNativeTarget "ChonchonTests" */ = {
			isa = XCConfigurationList;
			buildConfigurations = (
				0F027DCC2C94FACA00A71ED6 /* Debug */,
				0F027DCD2C94FACA00A71ED6 /* Release */,
			);
			defaultConfigurationIsVisible = 0;
			defaultConfigurationName = Release;
		};
		0F027DCE2C94FACA00A71ED6 /* Build configuration list for PBXNativeTarget "ChonchonUITests" */ = {
			isa = XCConfigurationList;
			buildConfigurations = (
				0F027DCF2C94FACA00A71ED6 /* Debug */,
				0F027DD02C94FACA00A71ED6 /* Release */,
			);
			defaultConfigurationIsVisible = 0;
			defaultConfigurationName = Release;
		};
/* End XCConfigurationList section */
	};
	rootObject = 0F027D9B2C94FAC800A71ED6 /* Project object */;
}
